
Microsoft Visual Studio Solution File, Format Version 12.00
# Visual Studio Version 16
VisualStudioVersion = 16.0.31112.23
MinimumVisualStudioVersion = 10.0.40219.1
Project("{FAE04EC0-301F-11D3-BF4B-00C04F79EFBC}") = "WhMgr", "src\WhMgr.csproj", "{6B59CEAE-3BFA-4E31-B86E-0AA276C4796A}"
EndProject
Project("{FAE04EC0-301F-11D3-BF4B-00C04F79EFBC}") = "WhMgr.Test", "test\WhMgr.Test.csproj", "{2BBAB7C9-3F59-4E88-9477-481C6466C4F5}"
EndProject
Global
	GlobalSection(SolutionConfigurationPlatforms) = preSolution
		Debug|Any CPU = Debug|Any CPU
		Release|Any CPU = Release|Any CPU
	EndGlobalSection
	GlobalSection(ProjectConfigurationPlatforms) = postSolution
		{6B59CEAE-3BFA-4E31-B86E-0AA276C4796A}.Debug|Any CPU.ActiveCfg = Debug|Any CPU
		{6B59CEAE-3BFA-4E31-B86E-0AA276C4796A}.Debug|Any CPU.Build.0 = Debug|Any CPU
		{6B59CEAE-3BFA-4E31-B86E-0AA276C4796A}.Release|Any CPU.ActiveCfg = Release|Any CPU
		{6B59CEAE-3BFA-4E31-B86E-0AA276C4796A}.Release|Any CPU.Build.0 = Release|Any CPU
		{2BBAB7C9-3F59-4E88-9477-481C6466C4F5}.Debug|Any CPU.ActiveCfg = Debug|Any CPU
		{2BBAB7C9-3F59-4E88-9477-481C6466C4F5}.Debug|Any CPU.Build.0 = Debug|Any CPU
		{2BBAB7C9-3F59-4E88-9477-481C6466C4F5}.Release|Any CPU.ActiveCfg = Release|Any CPU
		{2BBAB7C9-3F59-4E88-9477-481C6466C4F5}.Release|Any CPU.Build.0 = Release|Any CPU
	EndGlobalSection
	GlobalSection(SolutionProperties) = preSolution
		HideSolutionNode = FALSE
	EndGlobalSection
	GlobalSection(ExtensibilityGlobals) = postSolution
		SolutionGuid = {B6D16BB5-6A62-4232-B680-96B3364EA1B0}
	EndGlobalSection
EndGlobal
