
Microsoft Visual Studio Solution File, Format Version 12.00
# Visual Studio Version 16
VisualStudioVersion = 16.0.29519.87
MinimumVisualStudioVersion = 10.0.40219.1
Project("{FAE04EC0-301F-11D3-BF4B-00C04F79EFBC}") = "WhMgr", "src\WhMgr.NETCore.csproj", "{354B0E13-FE28-4DD6-896E-C6D3657DCE31}"
EndProject
Global
	GlobalSection(SolutionConfigurationPlatforms) = preSolution
		Debug|Any CPU = Debug|Any CPU
		Release|Any CPU = Release|Any CPU
	EndGlobalSection
	GlobalSection(ProjectConfigurationPlatforms) = postSolution
		{354B0E13-FE28-4DD6-896E-C6D3657DCE31}.Debug|Any CPU.ActiveCfg = Debug|Any CPU
		{354B0E13-FE28-4DD6-896E-C6D3657DCE31}.Debug|Any CPU.Build.0 = Debug|Any CPU
		{354B0E13-FE28-4DD6-896E-C6D3657DCE31}.Release|Any CPU.ActiveCfg = Release|Any CPU
		{354B0E13-FE28-4DD6-896E-C6D3657DCE31}.Release|Any CPU.Build.0 = Release|Any CPU
	EndGlobalSection
	GlobalSection(SolutionProperties) = preSolution
		HideSolutionNode = FALSE
	EndGlobalSection
	GlobalSection(ExtensibilityGlobals) = postSolution
		SolutionGuid = {5E7AC6D5-6AFF-4535-B63E-B63E2204A5F9}
	EndGlobalSection
EndGlobal
